
Microsoft Visual Studio Solution File, Format Version 12.00
# Visual Studio Version 17
VisualStudioVersion = 17.7.34031.279
MinimumVisualStudioVersion = 10.0.40219.1
Project("{9A19103F-16F7-4668-BE54-9A1E7A4F7556}") = "ECommerce", "ECommerce\ECommerce.csproj", "{3356A620-10B9-49A8-AA58-EAB3520A582A}"
EndProject
Project("{9A19103F-16F7-4668-BE54-9A1E7A4F7556}") = "UserService", "UserService\UserService.csproj", "{5CA88DB2-8609-4AD2-B109-E8B79D3F507C}"
EndProject
Project("{FAE04EC0-301F-11D3-BF4B-00C04F79EFBC}") = "K8s", "K8s\K8s.csproj", "{EA3367A1-87BA-4CF8-9977-FBA86F79AA7B}"
EndProject
Global
	GlobalSection(SolutionConfigurationPlatforms) = preSolution
		Debug|Any CPU = Debug|Any CPU
		Release|Any CPU = Release|Any CPU
	EndGlobalSection
	GlobalSection(ProjectConfigurationPlatforms) = postSolution
		{3356A620-10B9-49A8-AA58-EAB3520A582A}.Debug|Any CPU.ActiveCfg = Debug|Any CPU
		{3356A620-10B9-49A8-AA58-EAB3520A582A}.Debug|Any CPU.Build.0 = Debug|Any CPU
		{3356A620-10B9-49A8-AA58-EAB3520A582A}.Release|Any CPU.ActiveCfg = Release|Any CPU
		{3356A620-10B9-49A8-AA58-EAB3520A582A}.Release|Any CPU.Build.0 = Release|Any CPU
		{5CA88DB2-8609-4AD2-B109-E8B79D3F507C}.Debug|Any CPU.ActiveCfg = Debug|Any CPU
		{5CA88DB2-8609-4AD2-B109-E8B79D3F507C}.Debug|Any CPU.Build.0 = Debug|Any CPU
		{5CA88DB2-8609-4AD2-B109-E8B79D3F507C}.Release|Any CPU.ActiveCfg = Release|Any CPU
		{5CA88DB2-8609-4AD2-B109-E8B79D3F507C}.Release|Any CPU.Build.0 = Release|Any CPU
		{EA3367A1-87BA-4CF8-9977-FBA86F79AA7B}.Debug|Any CPU.ActiveCfg = Debug|Any CPU
		{EA3367A1-87BA-4CF8-9977-FBA86F79AA7B}.Debug|Any CPU.Build.0 = Debug|Any CPU
		{EA3367A1-87BA-4CF8-9977-FBA86F79AA7B}.Release|Any CPU.ActiveCfg = Release|Any CPU
		{EA3367A1-87BA-4CF8-9977-FBA86F79AA7B}.Release|Any CPU.Build.0 = Release|Any CPU
	EndGlobalSection
	GlobalSection(SolutionProperties) = preSolution
		HideSolutionNode = FALSE
	EndGlobalSection
	GlobalSection(ExtensibilityGlobals) = postSolution
		SolutionGuid = {73BC9E69-2385-4C34-990D-F2BC77CDAACD}
	EndGlobalSection
EndGlobal
